
Microsoft Visual Studio Solution File, Format Version 12.00
# Visual Studio Version 17
VisualStudioVersion = 17.8.34309.116
MinimumVisualStudioVersion = 10.0.40219.1
Project("{2150E333-8FDC-42A3-9474-1A3956D46DE8}") = "Services", "Services", "{F5613E5A-5064-42D3-B3F2-02414B2DD3BC}"
EndProject
Project("{2150E333-8FDC-42A3-9474-1A3956D46DE8}") = "Catalog", "Catalog", "{181EE5C4-E9C4-43FC-A2E9-64AAAF37EE00}"
EndProject
Project("{9A19103F-16F7-4668-BE54-9A1E7A4F7556}") = "CatalogAPI", "Services\Catalog\CatalogAPI\CatalogAPI.csproj", "{69700694-9B4E-4A14-97FC-FD0CA55211E3}"
EndProject
Project("{2150E333-8FDC-42A3-9474-1A3956D46DE8}") = "BuildingBlocks", "BuildingBlocks", "{5075CDC4-2D09-4758-8B22-B855D45CCC7D}"
EndProject
Project("{9A19103F-16F7-4668-BE54-9A1E7A4F7556}") = "BuildingBlocks", "BuildingBlocks\BuildingBlocks\BuildingBlocks.csproj", "{C8B92EA4-7D99-4DDC-BC4E-B624AA6C3CCF}"
EndProject
Project("{E53339B2-1760-4266-BCC7-CA923CBCF16C}") = "docker-compose", "docker-compose.dcproj", "{FFB87777-E358-4DC6-8DFC-6A4445B7C09D}"
EndProject
Project("{2150E333-8FDC-42A3-9474-1A3956D46DE8}") = "Basket", "Basket", "{4DBB4C58-535F-4AE7-AD0B-7C1E2E77AACA}"
EndProject
Project("{9A19103F-16F7-4668-BE54-9A1E7A4F7556}") = "Basket.Api", "Services\Basket\Basket.Api\Basket.Api.csproj", "{E1FCB31A-58E9-434E-9554-16317DCCA03B}"
EndProject
Project("{2150E333-8FDC-42A3-9474-1A3956D46DE8}") = "Discount", "Discount", "{D6596BDC-6FD6-4580-830E-B905F5D2F512}"
EndProject
Project("{9A19103F-16F7-4668-BE54-9A1E7A4F7556}") = "Discount.Grpc", "Services\Discount\Discount.Grpc\Discount.Grpc.csproj", "{37E880BC-67A4-4DFD-BB4D-11932F118829}"
EndProject
Project("{2150E333-8FDC-42A3-9474-1A3956D46DE8}") = "Ordering", "Ordering", "{FB809FD1-D06C-45FF-8EA2-9B184D7E8049}"
EndProject
Project("{9A19103F-16F7-4668-BE54-9A1E7A4F7556}") = "Ordering.Api", "Services\Ordering\Ordering.Api\Ordering.Api.csproj", "{99E7E50E-73DB-4623-BAA0-8DBBD338F3F7}"
EndProject
Project("{9A19103F-16F7-4668-BE54-9A1E7A4F7556}") = "Ordering.Domain", "Services\Ordering\Ordering.Domain\Ordering.Domain.csproj", "{D4CAA666-CC4C-409F-AC66-C8936D925C0B}"
EndProject
Project("{9A19103F-16F7-4668-BE54-9A1E7A4F7556}") = "Ordering.Application", "Services\Ordering\Ordering.Application\Ordering.Application.csproj", "{D7BDD2F6-8C6E-43BF-AF04-4C382B70F83B}"
EndProject
Project("{9A19103F-16F7-4668-BE54-9A1E7A4F7556}") = "Ordering.Infrastructure", "Services\Ordering\Ordering.Infrastructure\Ordering.Infrastructure.csproj", "{2F461D42-1816-442B-B9D3-D94BCEE0B7A7}"
EndProject
Project("{FAE04EC0-301F-11D3-BF4B-00C04F79EFBC}") = "BuildingBlock.Messaging", "BuildingBlocks\BuildingBlock.Messaging\BuildingBlock.Messaging.csproj", "{D6916721-CA60-43F6-9478-AC7002BFEBFA}"
EndProject
Global
	GlobalSection(SolutionConfigurationPlatforms) = preSolution
		Debug|Any CPU = Debug|Any CPU
		Release|Any CPU = Release|Any CPU
	EndGlobalSection
	GlobalSection(ProjectConfigurationPlatforms) = postSolution
		{69700694-9B4E-4A14-97FC-FD0CA55211E3}.Debug|Any CPU.ActiveCfg = Debug|Any CPU
		{69700694-9B4E-4A14-97FC-FD0CA55211E3}.Debug|Any CPU.Build.0 = Debug|Any CPU
		{69700694-9B4E-4A14-97FC-FD0CA55211E3}.Release|Any CPU.ActiveCfg = Release|Any CPU
		{69700694-9B4E-4A14-97FC-FD0CA55211E3}.Release|Any CPU.Build.0 = Release|Any CPU
		{C8B92EA4-7D99-4DDC-BC4E-B624AA6C3CCF}.Debug|Any CPU.ActiveCfg = Debug|Any CPU
		{C8B92EA4-7D99-4DDC-BC4E-B624AA6C3CCF}.Debug|Any CPU.Build.0 = Debug|Any CPU
		{C8B92EA4-7D99-4DDC-BC4E-B624AA6C3CCF}.Release|Any CPU.ActiveCfg = Release|Any CPU
		{C8B92EA4-7D99-4DDC-BC4E-B624AA6C3CCF}.Release|Any CPU.Build.0 = Release|Any CPU
		{FFB87777-E358-4DC6-8DFC-6A4445B7C09D}.Debug|Any CPU.ActiveCfg = Debug|Any CPU
		{FFB87777-E358-4DC6-8DFC-6A4445B7C09D}.Debug|Any CPU.Build.0 = Debug|Any CPU
		{FFB87777-E358-4DC6-8DFC-6A4445B7C09D}.Release|Any CPU.ActiveCfg = Release|Any CPU
		{FFB87777-E358-4DC6-8DFC-6A4445B7C09D}.Release|Any CPU.Build.0 = Release|Any CPU
		{E1FCB31A-58E9-434E-9554-16317DCCA03B}.Debug|Any CPU.ActiveCfg = Debug|Any CPU
		{E1FCB31A-58E9-434E-9554-16317DCCA03B}.Debug|Any CPU.Build.0 = Debug|Any CPU
		{E1FCB31A-58E9-434E-9554-16317DCCA03B}.Release|Any CPU.ActiveCfg = Release|Any CPU
		{E1FCB31A-58E9-434E-9554-16317DCCA03B}.Release|Any CPU.Build.0 = Release|Any CPU
		{37E880BC-67A4-4DFD-BB4D-11932F118829}.Debug|Any CPU.ActiveCfg = Debug|Any CPU
		{37E880BC-67A4-4DFD-BB4D-11932F118829}.Debug|Any CPU.Build.0 = Debug|Any CPU
		{37E880BC-67A4-4DFD-BB4D-11932F118829}.Release|Any CPU.ActiveCfg = Release|Any CPU
		{37E880BC-67A4-4DFD-BB4D-11932F118829}.Release|Any CPU.Build.0 = Release|Any CPU
		{99E7E50E-73DB-4623-BAA0-8DBBD338F3F7}.Debug|Any CPU.ActiveCfg = Debug|Any CPU
		{99E7E50E-73DB-4623-BAA0-8DBBD338F3F7}.Debug|Any CPU.Build.0 = Debug|Any CPU
		{99E7E50E-73DB-4623-BAA0-8DBBD338F3F7}.Release|Any CPU.ActiveCfg = Release|Any CPU
		{99E7E50E-73DB-4623-BAA0-8DBBD338F3F7}.Release|Any CPU.Build.0 = Release|Any CPU
		{D4CAA666-CC4C-409F-AC66-C8936D925C0B}.Debug|Any CPU.ActiveCfg = Debug|Any CPU
		{D4CAA666-CC4C-409F-AC66-C8936D925C0B}.Debug|Any CPU.Build.0 = Debug|Any CPU
		{D4CAA666-CC4C-409F-AC66-C8936D925C0B}.Release|Any CPU.ActiveCfg = Release|Any CPU
		{D4CAA666-CC4C-409F-AC66-C8936D925C0B}.Release|Any CPU.Build.0 = Release|Any CPU
		{D7BDD2F6-8C6E-43BF-AF04-4C382B70F83B}.Debug|Any CPU.ActiveCfg = Debug|Any CPU
		{D7BDD2F6-8C6E-43BF-AF04-4C382B70F83B}.Debug|Any CPU.Build.0 = Debug|Any CPU
		{D7BDD2F6-8C6E-43BF-AF04-4C382B70F83B}.Release|Any CPU.ActiveCfg = Release|Any CPU
		{D7BDD2F6-8C6E-43BF-AF04-4C382B70F83B}.Release|Any CPU.Build.0 = Release|Any CPU
		{2F461D42-1816-442B-B9D3-D94BCEE0B7A7}.Debug|Any CPU.ActiveCfg = Debug|Any CPU
		{2F461D42-1816-442B-B9D3-D94BCEE0B7A7}.Debug|Any CPU.Build.0 = Debug|Any CPU
		{2F461D42-1816-442B-B9D3-D94BCEE0B7A7}.Release|Any CPU.ActiveCfg = Release|Any CPU
		{2F461D42-1816-442B-B9D3-D94BCEE0B7A7}.Release|Any CPU.Build.0 = Release|Any CPU
		{D6916721-CA60-43F6-9478-AC7002BFEBFA}.Debug|Any CPU.ActiveCfg = Debug|Any CPU
		{D6916721-CA60-43F6-9478-AC7002BFEBFA}.Debug|Any CPU.Build.0 = Debug|Any CPU
		{D6916721-CA60-43F6-9478-AC7002BFEBFA}.Release|Any CPU.ActiveCfg = Release|Any CPU
		{D6916721-CA60-43F6-9478-AC7002BFEBFA}.Release|Any CPU.Build.0 = Release|Any CPU
	EndGlobalSection
	GlobalSection(SolutionProperties) = preSolution
		HideSolutionNode = FALSE
	EndGlobalSection
	GlobalSection(NestedProjects) = preSolution
		{181EE5C4-E9C4-43FC-A2E9-64AAAF37EE00} = {F5613E5A-5064-42D3-B3F2-02414B2DD3BC}
		{69700694-9B4E-4A14-97FC-FD0CA55211E3} = {181EE5C4-E9C4-43FC-A2E9-64AAAF37EE00}
		{C8B92EA4-7D99-4DDC-BC4E-B624AA6C3CCF} = {5075CDC4-2D09-4758-8B22-B855D45CCC7D}
		{4DBB4C58-535F-4AE7-AD0B-7C1E2E77AACA} = {F5613E5A-5064-42D3-B3F2-02414B2DD3BC}
		{E1FCB31A-58E9-434E-9554-16317DCCA03B} = {4DBB4C58-535F-4AE7-AD0B-7C1E2E77AACA}
		{D6596BDC-6FD6-4580-830E-B905F5D2F512} = {F5613E5A-5064-42D3-B3F2-02414B2DD3BC}
		{37E880BC-67A4-4DFD-BB4D-11932F118829} = {D6596BDC-6FD6-4580-830E-B905F5D2F512}
		{FB809FD1-D06C-45FF-8EA2-9B184D7E8049} = {F5613E5A-5064-42D3-B3F2-02414B2DD3BC}
		{99E7E50E-73DB-4623-BAA0-8DBBD338F3F7} = {FB809FD1-D06C-45FF-8EA2-9B184D7E8049}
		{D4CAA666-CC4C-409F-AC66-C8936D925C0B} = {FB809FD1-D06C-45FF-8EA2-9B184D7E8049}
		{D7BDD2F6-8C6E-43BF-AF04-4C382B70F83B} = {FB809FD1-D06C-45FF-8EA2-9B184D7E8049}
		{2F461D42-1816-442B-B9D3-D94BCEE0B7A7} = {FB809FD1-D06C-45FF-8EA2-9B184D7E8049}
		{D6916721-CA60-43F6-9478-AC7002BFEBFA} = {5075CDC4-2D09-4758-8B22-B855D45CCC7D}
	EndGlobalSection
	GlobalSection(ExtensibilityGlobals) = postSolution
		SolutionGuid = {0934D7E0-96DB-47EF-B54A-BFE4AC51A6A4}
	EndGlobalSection
EndGlobal
